
Microsoft Visual Studio Solution File, Format Version 12.00
# Visual Studio Version 16
VisualStudioVersion = 16.0.30011.22
MinimumVisualStudioVersion = 10.0.40219.1
Project("{FAE04EC0-301F-11D3-BF4B-00C04F79EFBC}") = "Simple API", "Simple API\Simple API.csproj", "{62952433-A4B3-475A-B443-76725D0F2AFC}"
EndProject
Global
	GlobalSection(SolutionConfigurationPlatforms) = preSolution
		Debug|Any CPU = Debug|Any CPU
		Release|Any CPU = Release|Any CPU
	EndGlobalSection
	GlobalSection(ProjectConfigurationPlatforms) = postSolution
		{62952433-A4B3-475A-B443-76725D0F2AFC}.Debug|Any CPU.ActiveCfg = Debug|Any CPU
		{62952433-A4B3-475A-B443-76725D0F2AFC}.Debug|Any CPU.Build.0 = Debug|Any CPU
		{62952433-A4B3-475A-B443-76725D0F2AFC}.Release|Any CPU.ActiveCfg = Release|Any CPU
		{62952433-A4B3-475A-B443-76725D0F2AFC}.Release|Any CPU.Build.0 = Release|Any CPU
	EndGlobalSection
	GlobalSection(SolutionProperties) = preSolution
		HideSolutionNode = FALSE
	EndGlobalSection
	GlobalSection(ExtensibilityGlobals) = postSolution
		SolutionGuid = {AA1286ED-D193-4E08-AB9A-17A929AD50AE}
	EndGlobalSection
EndGlobal
